{
  "name": "tmp-51b574",
  "lockfileVersion": 3,
  "requires": true,
  "packages": {
    "": {
      "dependencies": {
        "@microsoft/teams-app-test-tool": "^0.2.6"
      }
    },
    "node_modules/@microsoft/teams-app-test-tool": {
      "version": "0.2.6",
      "resolved": "https://registry.npmjs.org/@microsoft/teams-app-test-tool/-/teams-app-test-tool-0.2.6.tgz",
      "integrity": "sha512-HJxdaPWeq7O2HE/fytu3QUurtGi8KFkHYvpbZsa0DMjDDGwtOH5KSHVzQOUieBBLY9arUi10ROtLyjFqa65G7g==",
      "license": "SEE LICENSE IN LICENSE",
      "bin": {
        "teamsapptester": "cli.js"
      }
    }
  }
}
